
Microsoft Visual Studio Solution File, Format Version 12.00
# Visual Studio 2012
Project("{FAE04EC0-301F-11D3-BF4B-00C04F79EFBC}") = "RTT", "RTT.csproj", "{C2AE783E-5AE0-4B7E-B687-0CF92A83DC85}"
EndProject
Project("{FAE04EC0-301F-11D3-BF4B-00C04F79EFBC}") = "RTT.Core", "..\RTT.Core\RTT.Core.csproj", "{1BB9C513-F104-4A88-8048-270A4FB2AE02}"
EndProject
Project("{2150E333-8FDC-42A3-9474-1A3956D46DE8}") = ".nuget", ".nuget", "{A252FF35-FAE3-46DC-9B0B-54A4DDE5F385}"
	ProjectSection(SolutionItems) = preProject
		.nuget\NuGet.Config = .nuget\NuGet.Config
		.nuget\NuGet.exe = .nuget\NuGet.exe
		.nuget\NuGet.targets = .nuget\NuGet.targets
	EndProjectSection
EndProject
Global
	GlobalSection(SolutionConfigurationPlatforms) = preSolution
		Debug|Any CPU = Debug|Any CPU
		Release|Any CPU = Release|Any CPU
	EndGlobalSection
	GlobalSection(ProjectConfigurationPlatforms) = postSolution
		{C2AE783E-5AE0-4B7E-B687-0CF92A83DC85}.Debug|Any CPU.ActiveCfg = Debug|Any CPU
		{C2AE783E-5AE0-4B7E-B687-0CF92A83DC85}.Debug|Any CPU.Build.0 = Debug|Any CPU
		{C2AE783E-5AE0-4B7E-B687-0CF92A83DC85}.Release|Any CPU.ActiveCfg = Release|Any CPU
		{C2AE783E-5AE0-4B7E-B687-0CF92A83DC85}.Release|Any CPU.Build.0 = Release|Any CPU
		{1BB9C513-F104-4A88-8048-270A4FB2AE02}.Debug|Any CPU.ActiveCfg = Debug|Any CPU
		{1BB9C513-F104-4A88-8048-270A4FB2AE02}.Debug|Any CPU.Build.0 = Debug|Any CPU
		{1BB9C513-F104-4A88-8048-270A4FB2AE02}.Release|Any CPU.ActiveCfg = Release|Any CPU
		{1BB9C513-F104-4A88-8048-270A4FB2AE02}.Release|Any CPU.Build.0 = Release|Any CPU
	EndGlobalSection
	GlobalSection(SolutionProperties) = preSolution
		HideSolutionNode = FALSE
	EndGlobalSection
EndGlobal
